{
    "_meta": {
        "hash": {
            "sha256": "677a5e3d507e4486598fe3a1ea75d2139fa1b1ee684979f36ab0a3073eb1284e"
        },
        "pipfile-spec": 6,
        "requires": {
            "python_version": "3.7"
        },
        "sources": [
            {
                "name": "pypi",
                "url": "https://pypi.org/simple",
                "verify_ssl": true
            }
        ]
    },
    "default": {
        "apache-beam": {
            "extras": [
                "gcp"
            ],
            "hashes": [
                "sha256:04a6ad7648872806b3c694afe4acb7ce16255908656a77fa7e6d4c3ed5bea956",
                "sha256:086462eed818616845493c33c44484600e066de138692bdfa94dbbf20018d2b1",
                "sha256:0cb12b0f3768cdbe2c5b1114d79e0707af9186e5a1dde8915b1b7623d532b7f9",
                "sha256:1879462f0ee1e2dcae54bafcb7914296fbee8569aac5cbfc008aefa588eed45d",
                "sha256:1963744967c5ca4c79ae57046e753bc3594076222dcd97e14852219292bc2dcb",
                "sha256:1bc4824a5e36042788ddac390ae369a42de215ecce1db2a5963d95ef3afb184e",
                "sha256:2ce4e48cbfd7db945e9bdf1f363a26cf7352a484d2513c20a059f5b054355f0b",
                "sha256:3083aa4d66829804f8238400a7a8e6af6b8fe03d38d178a818e2acb4d39d57df",
                "sha256:419eb02b8e58f319815b21e07dad69ba63a725687e8051f96f8ae5f24b29be30",
                "sha256:52a998690db184142a5c0b4002987e754d73ea826ddd986c5e7296d524cc12e0",
                "sha256:55fbc31ac5abaa01dc5382f3392ddad5381d715560da62bd3ca73b1ae0edf08d",
                "sha256:5d2ebcedffce980438fbb169de6f2edfa1edb3b5d35d60644e1381a98649c3b1",
                "sha256:5d87491aa98821403cd7006fe8f6cfc39b7a54ef7701ed050fc1f83f9ccf7770",
                "sha256:61de573ee0b13528f2f775ec9864c2934882f3a04bf893f5d187f0df97e45b2e",
                "sha256:6d02f6be6c8176b979008f92ab88647100ca38eb67737a31a7a432a907f08972",
                "sha256:6d56b4b4a6f2c4c3539b29a3432c15f96c4529b5d2f152d39874750e686d60b5",
                "sha256:6d71829af5742cd1c16b812a3168cf60969c9d6281965f5aa9ca0c269320f505",
                "sha256:86816308c2673c89f89fb0fb08da8b3a166bbcc8c767b5f1965cf8bc5c26ca75",
                "sha256:95d59bdd1ebef1b85741835f259f89a3eb40333cfc3b72551053d516d8b386bf",
                "sha256:99d4d8549fdcae7f321f0a7da218307597b33810c332e1cdad6bab38d753e76a",
                "sha256:9bdcbde1f0939054acb25bca7e03383047cea7b0b0f467bca22a132cb9054dec",
                "sha256:a9bb010909f1271d402ee0e77ee30e539adcfbad4bee1a8470cfa0e2afdbdc8d",
                "sha256:ab790f1998ad175dd99b9f69b51dc13bd47ba53a21e8f1706f7f9ac477bbb68e",
                "sha256:c06645a3326fa33b774d5de38d924f10ac0cbbcdab9b67651936f6906f3444b3",
                "sha256:d604d553b9f06a16b536716dfb56bbea3fdd0be4a29569a3c520b74aa3a09b98",
                "sha256:d6e93d6f0281317b7c753943ba49558f386a089259267ccabe0a40e786f6587a",
                "sha256:e8684f030a6d98bd20af9f54f20bb0f15074ba2b3389b158b55613959d4b79df",
                "sha256:ede318ddc0a41500b91cb64b4aa3d14549ce4a94abe83bdb4239e92a99944a12",
                "sha256:f577750712e223c90d7d6f0794539786f39cfb9ffdfd62fdec38ea7e92cab810",
                "sha256:f88f503b94eccf0a1a919153880711405fcadb845052fb27cb6c56ffaeac348a"
            ],
            "index": "pypi",
            "version": "==2.23.0"
        },
        "avro-python3": {
            "hashes": [
                "sha256:ca1e77a3da5ac98e8833588f71fb2e170b38e34787ee0e04920de0e9470b7d32"
            ],
            "markers": "python_version >= '3.0'",
            "version": "==1.9.2.1"
        },
        "cachetools": {
            "hashes": [
                "sha256:428266a1c0d36dc5aca63a2d7c5942e88c2c898d72139fca0e97fdd2380517ae",
                "sha256:8ea2d3ce97850f31e4a08b0e2b5e6c34997d7216a9d2c98e0f3978630d4da69a"
            ],
            "version": "==3.1.1"
        },
        "certifi": {
            "hashes": [
                "sha256:1a4995114262bffbc2413b159f2a1a480c969de6e6eb13ee966d470af86af59c",
                "sha256:719a74fb9e33b9bd44cc7f3a8d94bc35e4049deebe19ba7d8e108280cfd59830"
            ],
            "version": "==2020.12.5"
        },
        "chardet": {
            "hashes": [
                "sha256:84ab92ed1c4d4f16916e05906b6b75a6c0fb5db821cc65e70cbd64a3e2a5eaae",
                "sha256:fc323ffcaeaed0e0a02bf4d117757b98aed530d9ed4531e3e15460124c106691"
            ],
            "version": "==3.0.4"
        },
        "crcmod": {
            "hashes": [
                "sha256:dc7051a0db5f2bd48665a990d3ec1cc305a466a77358ca4492826f41f283601e"
            ],
            "version": "==1.7"
        },
        "dill": {
            "hashes": [
                "sha256:42d8ef819367516592a825746a18073ced42ca169ab1f5f4044134703e7a049c"
            ],
            "version": "==0.3.1.1"
        },
        "docopt": {
            "hashes": [
                "sha256:49b3a825280bd66b3aa83585ef59c4a8c82f2c8a522dbe754a8bc8d08c85c491"
            ],
            "version": "==0.6.2"
        },
        "fastavro": {
            "hashes": [
                "sha256:0f1417bdc13531451aaef991290ca348cc9320915c4ed152314d94b353049490",
                "sha256:16783b2e8091eb2de0ce579cc8865720e67b9b701dab7f8ea86e9fbb0839f399",
                "sha256:20e83360493cc73abf143f9322217fa9fc9b31971afec5aab9a3d59ee0fd0314",
                "sha256:32533b2fc97e40de03fd31003131ccde191c156e6cf37ecd1f9a92a86d4a3381",
                "sha256:33b6b581d7fd0719b62b6a4ecf436f3a9b11f427753d28dd621841e5223e07e5",
                "sha256:47e1180022823cd03cc979a3f8a47b0721e73e98eebebc9015aa89c1019ac889",
                "sha256:5138e720143d070a693f187d565a7232c1102f893153e8f229573b9bf248d761",
                "sha256:62141efacafce00d40a5106e298e9d93b07e86385833f9d2f684b8cd6325ee41",
                "sha256:78d805b785470828f3a0175ce120113eca0cfe48238d055e24fead6fe45da443",
                "sha256:7e3b032a339d45bbabc073662ae12a857cf481fe42c65381278d956bf9010b09",
                "sha256:b18982154039147c5738c0986e0cf6183c8fbe43c31504fb4d92b5c77349befc",
                "sha256:b740d507006f9f4c798222c417055fe45dc74db73ec606c3247236cac582e885",
                "sha256:bc586311ba0857ffe832ae43f71df3d5581dbd84ddb9f18d5fed4d250f253849",
                "sha256:bd59bdb832fc1d090dcafc12b436e4313ca2ffaa012d1b269e77c229f4b999d6",
                "sha256:bed3642543363d00ddbadd88098678806dd6be7aa02445728250045f774dc15b",
                "sha256:c5861eec6813dd630e0bdf1ee8c4a9b65eff71039c65c51de4a3b6c63bc8ca76",
                "sha256:eb6fa4ac5698448290738de571b290027ec683be65052fc49108883942803daa",
                "sha256:ec917b529cbb7a1d59b55f5ab471f9c975ef802a3fc7204a3cca0aec695c1ac9",
                "sha256:f11a3559e1174fc6a449bb1a42a6c6bbabbe42dddc73a78b0ab711ca40f034a0",
                "sha256:f4effd7663b7f9e733eb42ded30e718904fe889405853dfcaa64819a590b9c26",
                "sha256:fc5c3048d38d862075703ec484133289388e6f2b0251e91ce770d3cfbc37ea21",
                "sha256:ff2cc25dd994802c158ade202cb0bdc7d463d4d776975f74e35a6c227d2e9b79"
            ],
            "version": "==0.23.6"
        },
        "fasteners": {
            "hashes": [
                "sha256:74b6847e0a6bb3b56c8511af8e24c40e4cf7a774dfff5b251c260ed338096a4b",
                "sha256:c995d8c26b017c5d6a6de9ad29a0f9cdd57de61ae1113d28fac26622b06a0933"
            ],
            "version": "==0.16"
        },
        "future": {
            "hashes": [
                "sha256:b1bead90b70cf6ec3f0710ae53a525360fa360d306a86583adc6bf83a4db537d"
            ],
            "version": "==0.18.2"
        },
        "google-api-core": {
            "extras": [
                "grpc",
                "grpcgcp"
            ],
            "hashes": [
                "sha256:099762d4b4018cd536bcf85136bf337957da438807572db52f21dc61251be089",
                "sha256:b914345c7ea23861162693a27703bab804a55504f7e6e9abcaff174d80df32ac"
            ],
            "version": "==1.26.3"
        },
        "google-apitools": {
            "hashes": [
                "sha256:4af0dd6dd4582810690251f0b57a97c1873dadfda54c5bc195844c8907624170",
                "sha256:6be92c1c3e93485450420bb0e365d47eb4d8a835d03ebe1963dc6da4d39a7b0e"
            ],
            "version": "==0.5.31"
        },
        "google-auth": {
            "hashes": [
                "sha256:588bdb03a41ecb4978472b847881e5518b5d9ec6153d3d679aa127a55e13b39f",
                "sha256:9ad25fba07f46a628ad4d0ca09f38dcb262830df2ac95b217f9b0129c9e42206"
            ],
            "version": "==1.30.0"
        },
        "google-cloud-bigquery": {
            "hashes": [
                "sha256:23c9180e87f6093eb6f2ae880d7f7697fdab991a4616439ad0f95cd37014f0dd",
                "sha256:7ffcceed8becea20cb4ce4bdf9b924822780416ff1a9d497f9a1238a3f1442b1"
            ],
            "version": "==1.24.0"
        },
        "google-cloud-bigtable": {
            "hashes": [
                "sha256:1c40f09593b5d16cf2a5ee91644676a0b01acc8082304c3100e4c0fb7c821d8b",
                "sha256:4323362b836ddf9e7324b0be1a34e3f80d09729356233c05e969b577244c49a3"
            ],
            "version": "==1.0.0"
        },
        "google-cloud-core": {
            "hashes": [
                "sha256:40d9c2da2d03549b5ac3dcccf289d4f15e6d1210044c6381ce45c92913e62904",
                "sha256:c6abb18527545379fc82efc4de75ce9a3772ccad2fc645adace593ba097cbb02"
            ],
            "version": "==1.6.0"
        },
        "google-cloud-datastore": {
            "hashes": [
                "sha256:7a44d9b0263cbbe05963522f61ba177e64282043f30999e0bc3368fd79a3af12",
                "sha256:ffb075abf606ebd248c3ad76ac0e6d3e93858d8c61a063139938a162a58b28d0"
            ],
            "version": "==1.7.4"
        },
        "google-cloud-dlp": {
            "hashes": [
                "sha256:844f5e63597c2a15561eec68397ee5f425e9be7728d2d7072f50f983fab31b9a",
                "sha256:fbcb489bf9df2b4137b0a571d7de6055454c320a88f0de945950dba8cfb8c9d0"
            ],
            "version": "==0.13.0"
        },
        "google-cloud-language": {
            "hashes": [
                "sha256:2772badf8fe8ac57cd7e7840a60764603b3e19e6dbd843460a5ae8915798b32f",
                "sha256:76e349fcc223c66b9aa138e05853f4bf550f0d06e37641c2c206dc2661b83f30"
            ],
            "version": "==1.3.0"
        },
        "google-cloud-pubsub": {
            "hashes": [
                "sha256:12ff565ef00e4ca19d2ae26ae4515070094ba857d7c7024370dbed81fc7d58ab",
                "sha256:afb08eb558f3e4d836e6f77443f81555d6921ffc888c7c3085acd1205fba6e8c"
            ],
            "index": "pypi",
            "version": "==1.0.2"
        },
        "google-cloud-spanner": {
            "hashes": [
                "sha256:9f36c2e9d6a379ca692b63a39d92c4064d094209468ce155ad8e8d57249b410f",
                "sha256:eafa09cc344339a23702ee74eac5713974fefafdfd56afb589bd25548c79c80d"
            ],
            "version": "==1.13.0"
        },
        "google-cloud-videointelligence": {
            "hashes": [
                "sha256:933c05ccdcb422155154b5a5d752ccef0efd004105fa3940a230e2070f7a1fef",
                "sha256:f11f9431b4d120733a90f0e584ead3db0a061218289d902ebe249986d4de829f"
            ],
            "version": "==1.13.0"
        },
        "google-cloud-vision": {
            "hashes": [
                "sha256:a162a546638cbc9db3db8a97a87a1e1930c3e316b01b2a1b78c8176630852ccd",
                "sha256:afe6f6dc23741818cdf63078372ce832c5984ce14f055be2a86fd2bafe07cc65"
            ],
            "version": "==0.42.0"
        },
        "google-resumable-media": {
            "hashes": [
                "sha256:97155236971970382b738921f978a6f86a7b5a0b0311703d991e065d3cb55773",
                "sha256:cdc64378dc9a7a7bf963a8d0c944c99b549dc0c195a9acbf1fcd465f380b9002"
            ],
            "version": "==0.5.1"
        },
        "googleapis-common-protos": {
            "extras": [
                "grpc"
            ],
            "hashes": [
                "sha256:a88ee8903aa0a81f6c3cec2d5cf62d3c8aa67c06439b0496b49048fb1854ebf4",
                "sha256:f6d561ab8fb16b30020b940e2dd01cd80082f4762fa9f3ee670f4419b4b8dbd0"
            ],
            "version": "==1.53.0"
        },
        "grpc-google-iam-v1": {
            "hashes": [
                "sha256:0bfb5b56f648f457021a91c0df0db4934b6e0c300bd0f2de2333383fe958aa72"
            ],
            "version": "==0.12.3"
        },
        "grpcio": {
            "hashes": [
                "sha256:025fa7dffb0cf724070cfcbe2ff600a18b0cf84642ede5c92f2717162e2a8c95",
                "sha256:0b8817acef140cb9a3543208c13282d3bf4bb0103e930ddbb779677604085ada",
                "sha256:0d64b5995e17eb9f086e82e6a4edadd1295827b593be71b516e7a442067784b5",
                "sha256:1aab01ee3e4b88ed6419f0b25ff21c83deb6c823c6fb77e655def0796526e3a3",
                "sha256:1de472a3c2a3d89d4d400d8179f2777ec99f7da0e87c0c1f196226141816d621",
                "sha256:22b0cc3531d3c405fae9a8519004a0e62ecbd1f005b55b3622098a4881d36b96",
                "sha256:23666be3ed366f647f09c9caf89c48ca0daa12be8fe4786e5a368a6cd69de1f6",
                "sha256:264f6d9a922f5124f79f50b1880349fd16c657a9b4fdf0f29fca939d40584f7f",
                "sha256:30807f3979ebb3872588fa166876a2a24febe17e0db5950d5bedd67320d11b8c",
                "sha256:30ba9712547c9497a438bfeb2c7f393fa983df1609e1c81243d4b0d1b1bfefbf",
                "sha256:34d6f626062e7ef47ab30ff8976825c58fa8846ccd8c645b57291ccc74b9d413",
                "sha256:37e265b72e69ef8e33efca8d1123bdc349ae3eabb92563e76adfce209c9df51a",
                "sha256:3ee1bef5f5e4208998cdef44933db3c30c52a7ebde424cfc4186404ffded1d35",
                "sha256:4493365334baaa3d775f5e4a91d9a844ac676560232223405a0964dfddb31924",
                "sha256:4850c96d3a22d941b0d6af4dccbc739caec7f367b783aad049c843b28b458ff0",
                "sha256:494cce1709f7cd63c2610c25b41f886048f1d993511ddb23f766b77ac142ba78",
                "sha256:4c0503b5ef6fcabc52c296d750a095ef29fd707d0f85322e95e5c261b3a684f9",
                "sha256:5dabaac759a98bcfd979d22874dcd7ccf8779678a2fe841d355dd93fee143974",
                "sha256:609297d3d5d32f47e04bf7dc61c7756df50bc37dec4dfd63e996388eba42fb3b",
                "sha256:640f49187105fb6c2b1b7acea06df3b0ccf5fe33a075c73b8a741013bc5cc802",
                "sha256:67b482c810d05d9317e29b82900864ab888b9f842701906ba54c3eb176cd8eab",
                "sha256:6ad11c1ea337720a42fc31959bd44a38b8837e3ae25bdab681e2e1a28096b02a",
                "sha256:6f44b8244bafcbea63daff222ae1b27d048b9d8fd47eb3d11e61ee092078e766",
                "sha256:728292f5ccb849f30774c0805ef5c39452b3a5f4d193ac499ae5b78d268ff64b",
                "sha256:74aad86c7c1b9163d01c3d9e75861e9b09c65e0947592ca315c30353a0f6c4d1",
                "sha256:7533d2c9698dd3038fcf3dd0df243b76a9e0db8008f8575c305e20a3593189eb",
                "sha256:7b2a2cf3621f94b123a9d7a68e4a8d948b29520136f096927f7c9653f24c8fca",
                "sha256:80c3c9d24ecd236571d3c86657243431a8bafef022dcce83f9f2aeb6eecb96b9",
                "sha256:8d3cdca5cfd6761a8824bc8acc8ac7bc37ad5ef75899308ca0458cf7952ce12d",
                "sha256:8f5a16f8b650efddd5ff3f750cca5b45c045923be13e79cdd1b886332307f46a",
                "sha256:9364f35949c3cff5470b583a03ccfd927b71cbe1ab7583a6529d5d67ed76e91e",
                "sha256:9674fffd1f599aec7389a61d48c1a8c8aaba69591609895911c6d8386d86dd45",
                "sha256:99a627471275f93d400399b55e4c1d798602ff79d693e7def0a0b276912bff7e",
                "sha256:a1cd40eac72d3c914eea73f8f7730ddbd86061098a8ce712d1ce108e9d87d449",
                "sha256:ac4174b1cf4daea0653fcfee7676bb04a8a43644e9ddf1913834d1542a9c697b",
                "sha256:ad03ff6b15f3481f3c999d5d22b5c56295dffc49b8e2cbdbc04c7bf358d3034e",
                "sha256:b7cc965538da06c9e9cf0e01bae91f274c75baf224ca6a734717c0f003ddf1f2",
                "sha256:b948a00764fee55cf111e0bf3d987167557152abf879f2c13bd2f278a6247ded",
                "sha256:c87599137f6022ed5079b0df47da83134b9810d4b00999b87edfc901347f26a9",
                "sha256:d232802ba15b465000263bc17171f9863173b7669bdd72dbdffdfcc0f6e637dc",
                "sha256:d7ae05ded17c4697ef80784dc89cad3025db0d90c5a8a0ada47a8d0749617d58",
                "sha256:df8305806311d3fe913d4f7eb3ef28e2072159ea12f95baab5d447f1380a71e3",
                "sha256:e236d0580f7e69a35c420ce60f960b294e9dc973b8c31499fa476eb4d4ba4088",
                "sha256:e3e0fb7d32f163699cef5132b060e3f613dc914408164eb3e3ac69095861ea04",
                "sha256:e72d8df53624098d8b1fe01c961888d61f90d7c0aa8116d76db80a535da9b445",
                "sha256:e7da0319003d150611b30cd864e0474a283324b3db9107107aa3ef9a71c53130",
                "sha256:ee0537fe2423307b885ba44e6789249e6d7624247cb38a20b9f38f4b40f5ab03",
                "sha256:f1287ae8a3bef97fd702dac95967aaf52031a6dceb2bd30da165f16e3b617293",
                "sha256:f6a73167fce4a41e5c0b34ceaad1048a14e9eeb4fc324da49da0537c199efab7",
                "sha256:f933dd10948a5e5ed4258a1581e45aec1bb84069e62368084eb2dcf4cce51e78",
                "sha256:fa279b99878bae9b804c09e023f2b47de79d0b5e813ab85ddf28673784d610f0"
            ],
            "version": "==1.37.1"
        },
        "grpcio-gcp": {
            "hashes": [
                "sha256:1ef8e8531eab11356a3eb4c5b84e79e0d923d6782d19e1b1a45e1cabe4e783d7",
                "sha256:e292605effc7da39b7a8734c719afb12ec4b5362add3528d8afad3aa3aa9057c"
            ],
            "version": "==0.2.2"
        },
        "hdfs": {
            "hashes": [
                "sha256:05912125cfc68075387f271654dac185dc1aba8b347519f6a14d1395e39d7749",
                "sha256:bc92ce4347f106d48b541f756caa930476998cfd3eed477ffbd63ae9ad1cdc22"
            ],
            "version": "==2.6.0"
        },
        "httplib2": {
            "hashes": [
                "sha256:1e9340ecf0187a621bdcfb407c32e04e8e09fc6ab28b050efa38f20eae0e975f",
                "sha256:743cff16beadd128511e786474740264aa805fba106d6fc90e3586829ad0298b"
            ],
            "version": "==0.17.4"
        },
        "idna": {
            "hashes": [
                "sha256:b307872f855b18632ce0c21c5e45be78c0ea7ae4c15c828c20788b26921eb3f6",
                "sha256:b97d804b1e9b523befed77c48dacec60e6dcb0b5391d57af6a65a312a90648c0"
            ],
            "version": "==2.10"
        },
        "mock": {
            "hashes": [
                "sha256:5ce3c71c5545b472da17b72268978914d0252980348636840bd34a00b5cc96c1",
                "sha256:b158b6df76edd239b8208d481dc46b6afd45a846b7812ff0ce58971cf5bc8bba"
            ],
            "version": "==2.0.0"
        },
        "numpy": {
            "hashes": [
                "sha256:2428b109306075d89d21135bdd6b785f132a1f5a3260c371cee1fae427e12727",
                "sha256:377751954da04d4a6950191b20539066b4e19e3b559d4695399c5e8e3e683bf6",
                "sha256:4703b9e937df83f5b6b7447ca5912b5f5f297aba45f91dbbbc63ff9278c7aa98",
                "sha256:471c0571d0895c68da309dacee4e95a0811d0a9f9f532a48dc1bea5f3b7ad2b7",
                "sha256:61d5b4cf73622e4d0c6b83408a16631b670fc045afd6540679aa35591a17fe6d",
                "sha256:6c915ee7dba1071554e70a3664a839fbc033e1d6528199d4621eeaaa5487ccd2",
                "sha256:6e51e417d9ae2e7848314994e6fc3832c9d426abce9328cf7571eefceb43e6c9",
                "sha256:719656636c48be22c23641859ff2419b27b6bdf844b36a2447cb39caceb00935",
                "sha256:780ae5284cb770ade51d4b4a7dce4faa554eb1d88a56d0e8b9f35fca9b0270ff",
                "sha256:878922bf5ad7550aa044aa9301d417e2d3ae50f0f577de92051d739ac6096cee",
                "sha256:924dc3f83de20437de95a73516f36e09918e9c9c18d5eac520062c49191025fb",
                "sha256:97ce8b8ace7d3b9288d88177e66ee75480fb79b9cf745e91ecfe65d91a856042",
                "sha256:9c0fab855ae790ca74b27e55240fe4f2a36a364a3f1ebcfd1fb5ac4088f1cec3",
                "sha256:9cab23439eb1ebfed1aaec9cd42b7dc50fc96d5cd3147da348d9161f0501ada5",
                "sha256:a8e6859913ec8eeef3dbe9aed3bf475347642d1cdd6217c30f28dee8903528e6",
                "sha256:aa046527c04688af680217fffac61eec2350ef3f3d7320c07fd33f5c6e7b4d5f",
                "sha256:abc81829c4039e7e4c30f7897938fa5d4916a09c2c7eb9b244b7a35ddc9656f4",
                "sha256:bad70051de2c50b1a6259a6df1daaafe8c480ca98132da98976d8591c412e737",
                "sha256:c73a7975d77f15f7f68dacfb2bca3d3f479f158313642e8ea9058eea06637931",
                "sha256:d15007f857d6995db15195217afdbddfcd203dfaa0ba6878a2f580eaf810ecd6",
                "sha256:d76061ae5cab49b83a8cf3feacefc2053fac672728802ac137dd8c4123397677",
                "sha256:e8e4fbbb7e7634f263c5b0150a629342cc19b47c5eba8d1cd4363ab3455ab576",
                "sha256:e9459f40244bb02b2f14f6af0cd0732791d72232bbb0dc4bab57ef88e75f6935",
                "sha256:edb1f041a9146dcf02cd7df7187db46ab524b9af2515f392f337c7cbbf5b52cd"
            ],
            "version": "==1.20.2"
        },
        "oauth2client": {
            "hashes": [
                "sha256:5b5b056ec6f2304e7920b632885bd157fa71d1a7f3ddd00a43b1541a8d1a2460"
            ],
            "version": "==3.0.0"
        },
        "packaging": {
            "hashes": [
                "sha256:5b327ac1320dc863dca72f4514ecc086f31186744b84a230374cc1fd776feae5",
                "sha256:67714da7f7bc052e064859c05c595155bd1ee9f69f76557e21f051443c20947a"
            ],
            "version": "==20.9"
        },
        "pbr": {
            "hashes": [
                "sha256:42df03e7797b796625b1029c0400279c7c34fd7df24a7d7818a1abb5b38710dd",
                "sha256:c68c661ac5cc81058ac94247278eeda6d2e6aecb3e227b0387c30d277e7ef8d4"
            ],
            "version": "==5.6.0"
        },
        "protobuf": {
            "hashes": [
                "sha256:0277f62b1e42210cafe79a71628c1d553348da81cbd553402a7f7549c50b11d0",
                "sha256:07eec4e2ccbc74e95bb9b3afe7da67957947ee95bdac2b2e91b038b832dd71f0",
                "sha256:1c0e9e56202b9dccbc094353285a252e2b7940b74fdf75f1b4e1b137833fabd7",
                "sha256:1f0b5d156c3df08cc54bc2c8b8b875648ea4cd7ebb2a9a130669f7547ec3488c",
                "sha256:2dc0e8a9e4962207bdc46a365b63a3f1aca6f9681a5082a326c5837ef8f4b745",
                "sha256:3053f13207e7f13dc7be5e9071b59b02020172f09f648e85dc77e3fcb50d1044",
                "sha256:4a054b0b5900b7ea7014099e783fb8c4618e4209fffcd6050857517b3f156e18",
                "sha256:510e66491f1a5ac5953c908aa8300ec47f793130097e4557482803b187a8ee05",
                "sha256:5ff9fa0e67fcab442af9bc8d4ec3f82cb2ff3be0af62dba047ed4187f0088b7d",
                "sha256:90270fe5732c1f1ff664a3bd7123a16456d69b4e66a09a139a00443a32f210b8",
                "sha256:a0a08c6b2e6d6c74a6eb5bf6184968eefb1569279e78714e239d33126e753403",
                "sha256:c5566f956a26cda3abdfacc0ca2e21db6c9f3d18f47d8d4751f2209d6c1a5297",
                "sha256:dab75b56a12b1ceb3e40808b5bd9dfdaef3a1330251956e6744e5b6ed8f8830b",
                "sha256:efa4c4d4fc9ba734e5e85eaced70e1b63fb3c8d08482d839eb838566346f1737",
                "sha256:f17b352d7ce33c81773cf81d536ca70849de6f73c96413f17309f4b43ae7040b",
                "sha256:f42c2f5fb67da5905bfc03733a311f72fa309252bcd77c32d1462a1ad519521e",
                "sha256:f6077db37bfa16494dca58a4a02bfdacd87662247ad6bc1f7f8d13ff3f0013e1",
                "sha256:f80afc0a0ba13339bbab25ca0409e9e2836b12bb012364c06e97c2df250c3343",
                "sha256:f9cadaaa4065d5dd4d15245c3b68b967b3652a3108e77f292b58b8c35114b56c",
                "sha256:fad4f971ec38d8df7f4b632c819bf9bbf4f57cfd7312cf526c69ce17ef32436a"
            ],
            "version": "==3.15.8"
        },
        "pyarrow": {
            "hashes": [
                "sha256:18f65739d1d8ed8ad0d88228fd9ab76558a9c808c01dca2f24be2c72b875f43b",
                "sha256:21b4d31a2813e81ed6664c37decb548618fd93838f983c3d634e3eae1d91a597",
                "sha256:278d11800c2e0f9bea6314ef718b2368b4046ba24b6c631c14edad5a1d351e49",
                "sha256:2af53a80076ab802cbfcd97063645b45d81d1e5ca206c7edcf122fa4d36026d9",
                "sha256:3562ac22b0647c212aa9c0b21a2caeeb21d02aa7ba2cb696a355893f50bc18b0",
                "sha256:375641f817382c5562c204f7d355f134400de0a778642e419d69fe4d55d38917",
                "sha256:38d1ef84c66123dc9eb8514f32fa866652df204c9ce1e5930461ea8f2ba9bffb",
                "sha256:59b200dd3344413f7f68a5745a30964b690c41c23d5e95475be865fd264550ff",
                "sha256:5a0f5279bee86310f8c02706e1c706ccc30d030b1febd844f2a269f3fc7cafae",
                "sha256:837a22f34b9c941ca7bdb6ff7ca7dd9381d590ea60de64c3829cdd2b90fafebb",
                "sha256:841b3780aee3cb307fecdfaaae94ca5f3e49b28634335da63d0e383053187149",
                "sha256:9508a0514b94068a9811608c2362393fb2de8308f4152fbc8572fa275759fbf7",
                "sha256:99b0fc309660fe1ff122d14c6b42f79f8e6cc5324223f85f1190c108e40c6e4a",
                "sha256:a1e19a532d4d8a46c2484d914670034f7ea3ef4884c1cd9600ecb1ac8aecd28d",
                "sha256:b142cc9b42e9b87a2f0624b2bd176a84ec7f47d170de1c46eeb155eab1d08dbd",
                "sha256:b46c693dd766fc7cab41a803653e80930ec1b71ac51c7f42b5d62b7cae1c2efa",
                "sha256:cc3fb951347993ad9d5aa38c3aabd9be8341994b35c2fcc307f507a298187196",
                "sha256:d6b352da205d58aa1a5705075a5e547ff7fb610b182e38d211a17dccad88d72d",
                "sha256:e6f736df6c88836ce3eeb0fee1de939af56981f82aa9b3bdef2ab6f3201de05e",
                "sha256:ea2dd2b55edd9b893e9b6ac2dc8a84fd66598636b933aece04768960a9dd1667",
                "sha256:ee45471f7929d8951b42b1b875dee2be56952f026057c920af6c213d1ae54ace"
            ],
            "markers": "python_version >= '3.0' or platform_system != 'Windows'",
            "version": "==0.17.1"
        },
        "pyasn1": {
            "hashes": [
                "sha256:39c7e2ec30515947ff4e87fb6f456dfc6e84857d34be479c9d4a4ba4bf46aa5d",
                "sha256:aef77c9fb94a3ac588e87841208bdec464471d9871bd5050a287cc9a475cd0ba"
            ],
            "version": "==0.4.8"
        },
        "pyasn1-modules": {
            "hashes": [
                "sha256:905f84c712230b2c592c19470d3ca8d552de726050d1d1716282a1f6146be65e",
                "sha256:a50b808ffeb97cb3601dd25981f6b016cbb3d31fbf57a8b8a87428e6158d0c74"
            ],
            "version": "==0.2.8"
        },
        "pydot": {
            "hashes": [
                "sha256:248081a39bcb56784deb018977e428605c1c758f10897a339fce1dd728ff007d",
                "sha256:66c98190c65b8d2e2382a441b4c0edfdb4f4c025ef9cb9874de478fb0793a451"
            ],
            "version": "==1.4.2"
        },
        "pymongo": {
            "hashes": [
                "sha256:0384d76b409278ddb34ac19cdc4664511685959bf719adbdc051875ded4689aa",
                "sha256:05e2bda928a3a6bc6ddff9e5a8579d41928b75d7417b18f9a67c82bb52150ac6",
                "sha256:152e4ac3158b776135d8fce28d2ac06e682b885fcbe86690d66465f262ab244e",
                "sha256:180511abfef70feb022360b35f4863dd68e08334197089201d5c52208de9ca2e",
                "sha256:19d52c60dc37520385f538d6d1a4c40bc398e0885f4ed6a36ce10b631dab2852",
                "sha256:1d559a76ae87143ad96c2ecd6fdd38e691721e175df7ced3fcdc681b4638bca1",
                "sha256:210ec4a058480b9c3869082e52b66d80c4a48eda9682d7a569a1a5a48100ea54",
                "sha256:2163d736d6f62b20753be5da3dc07a188420b355f057fcbb3075b05ee6227b2f",
                "sha256:22ee2c94fee1e391735be63aa1c9af4c69fdcb325ae9e5e4ddff770248ef60a6",
                "sha256:28633868be21a187702a8613913e13d1987d831529358c29fc6f6670413df040",
                "sha256:29390c39ca873737689a0749c9c3257aad96b323439b11279fbc0ba8626ec9c5",
                "sha256:2aeb108da1ed8e066800fb447ba5ae89d560e6773d228398a87825ac3630452d",
                "sha256:322f6cc7bf23a264151ebc5229a92600c4b55ac83c83c91c9bab1ec92c888a8d",
                "sha256:34c15f5798f23488e509eae82fbf749c3d17db74379a88c07c869ece1aa806b9",
                "sha256:3873866534b6527e6863e742eb23ea2a539e3c7ee00ad3f9bec9da27dbaaff6f",
                "sha256:3dbc67754882d740f17809342892f0b24398770bd99d48c5cb5ba89f5f5dee4e",
                "sha256:413b18ac2222f5d961eb8d1c8dcca6c6ca176c8613636d8c13aa23abae7f7a21",
                "sha256:42f9ec9d77358f557fe17cc15e796c4d4d492ede1a30cba3664822cae66e97c5",
                "sha256:4ac387ac1be71b798d1c372a924f9c30352f30e684e06f086091297352698ac0",
                "sha256:4ca92e15fcf02e02e7c24b448a16599b98c9d0e6a46cd85cc50804450ebf7245",
                "sha256:4d959e929cec805c2bf391418b1121590b4e7d5cb00af7b1ba521443d45a0918",
                "sha256:5091aacbdb667b418b751157f48f6daa17142c4f9063d58e5a64c90b2afbdf9a",
                "sha256:5a03ae5ac85b04b2034a0689add9ff597b16d5e24066a87f6ab0e9fa67049156",
                "sha256:5e1341276ce8b7752db9aeac6bbb0cbe82a3f6a6186866bf6b4906d8d328d50b",
                "sha256:6043d251fac27ca04ff22ed8deb5ff7a43dc18e8a4a15b4c442d2a20fa313162",
                "sha256:610d5cbbfd026e2f6d15665af51e048e49b68363fedece2ed318cc8fe080dd94",
                "sha256:622a5157ffcd793d305387c1c9fb94185f496c8c9fd66dafb59de0807bc14ad7",
                "sha256:65b67637f0a25ac9d25efb13c1578eb065870220ffa82f132c5b2d8e43ac39c3",
                "sha256:66573c8c7808cce4f3b56c23cb7cad6c3d7f4c464b9016d35f5344ad743896d7",
                "sha256:66b688fc139c6742057795510e3b12c4acbf90d11af1eff9689a41d9c84478d6",
                "sha256:685b884fa41bd2913fd20af85866c4ff886b7cbb7e4833b918996aa5d45a04be",
                "sha256:6a5834e392c97f19f36670e34bf9d346d733ad89ee0689a6419dd737dfa4308a",
                "sha256:728313cc0d59d1a1a004f675607dcf5c711ced3f55e75d82b3f264fd758869f3",
                "sha256:733e1cfffc4cd99848230e2999c8a86e284c6af6746482f8ad2ad554dce14e39",
                "sha256:7814b2cf23aad23464859973c5cd2066ca2fd99e0b934acefbb0b728ac2525bf",
                "sha256:7c77801620e5e75fb9c7abae235d3cc45d212a67efa98f4972eef63e736a8daa",
                "sha256:7cd42c66d49ffb68dea065e1c8a4323e7ceab386e660fee9863d4fa227302ba9",
                "sha256:7d2ae2f7c50adec20fde46a73465de31a6a6fbb4903240f8b7304549752ca7a1",
                "sha256:87981008d565f647142869d99915cc4760b7725858da3d39ecb2a606e23f36fd",
                "sha256:92e2376ce3ca0e3e443b3c5c2bb5d584c7e59221edfb0035313c6306049ba55a",
                "sha256:950710f7370613a6bfa2ccd842b488c5b8072e83fb6b7d45d99110bf44651d06",
                "sha256:980527f4ccc6644855bb68056fe7835da6d06d37776a52df5bcc1882df57c3db",
                "sha256:9fbffc5bad4df99a509783cbd449ed0d24fcd5a450c28e7756c8f20eda3d2aa5",
                "sha256:a8b02e0119d6ee381a265d8d2450a38096f82916d895fed2dfd81d4c7a54d6e4",
                "sha256:b17e627844d86031c77147c40bf992a6e1114025a460874deeda6500d0f34862",
                "sha256:b1aa62903a2c5768b0001632efdea2e8da6c80abdd520c2e8a16001cc9affb23",
                "sha256:b32e4eed2ef19a20dfb57698497a9bc54e74efb2e260c003e9056c145f130dc7",
                "sha256:b44fa04720bbfd617b6aef036989c8c30435f11450c0a59136291d7b41ed647f",
                "sha256:b4535d98df83abebb572035754fb3d4ad09ce7449375fa09fa9ede2dbc87b62b",
                "sha256:bb6a5777bf558f444cd4883d617546182cfeff8f2d4acd885253f11a16740534",
                "sha256:bc2eb67387b8376120a2be6cba9d23f9d6a6c3828e00fb0a64c55ad7b54116d1",
                "sha256:bd351ceb2decd23d523fc50bad631ee9ae6e97e7cdc355ce5600fe310484f96e",
                "sha256:bf70097bd497089f1baabf9cbb3ec4f69c022dc7a70c41ba9c238fa4d0fff7ab",
                "sha256:c7fd18d4b7939408df9315fedbdb05e179760960a92b3752498e2fcd03f24c3d",
                "sha256:cc359e408712faf9ea775f4c0ec8f2bfc843afe47747a657808d9595edd34d71",
                "sha256:cd8fc35d4c0c717cc29b0cb894871555cb7137a081e179877ecc537e2607f0b9",
                "sha256:daa44cefde19978af57ac1d50413cd86ebf2b497328e7a27832f5824bda47439",
                "sha256:db5098587f58fbf8582d9bda2462762b367207246d3e19623782fb449c3c5fcc",
                "sha256:db6fd53ef5f1914ad801830406440c3bfb701e38a607eda47c38adba267ba300",
                "sha256:e1414599a97554d451e441afb362dbee1505e4550852c0068370d843757a3fe2",
                "sha256:ee42a8f850143ae7c67ea09a183a6a4ad8d053e1dbd9a1134e21a7b5c1bc6c73",
                "sha256:f23abcf6eca5859a2982beadfb5111f8c5e76e30ff99aaee3c1c327f814f9f10",
                "sha256:f6748c447feeadda059719ef5ab1fb9d84bd370e205b20049a0e8b45ef4ad593"
            ],
            "version": "==3.11.3"
        },
        "pyparsing": {
            "hashes": [
                "sha256:c203ec8783bf771a155b207279b9bccb8dea02d8f0c9e5f8ead507bc3246ecc1",
                "sha256:ef9d7589ef3c200abe66653d3f1ab1033c3c419ae9b9bdb1240a85b024efc88b"
            ],
            "version": "==2.4.7"
        },
        "python-dateutil": {
            "hashes": [
                "sha256:73ebfe9dbf22e832286dafa60473e4cd239f8592f699aa5adaf10050e6e1823c",
                "sha256:75bb3f31ea686f1197762692a9ee6a7550b59fc6ca3a1f4b5d7e32fb98e2da2a"
            ],
            "version": "==2.8.1"
        },
        "python-dotenv": {
            "hashes": [
                "sha256:8c10c99a1b25d9a68058a1ad6f90381a62ba68230ca93966882a4dbc3bc9c33d",
                "sha256:c10863aee750ad720f4f43436565e4c1698798d763b63234fb5021b6c616e423"
            ],
            "index": "pypi",
            "version": "==0.14.0"
        },
        "pytz": {
            "hashes": [
                "sha256:83a4a90894bf38e243cf052c8b58f381bfe9a7a483f6a9cab140bc7f702ac4da",
                "sha256:eb10ce3e7736052ed3623d49975ce333bcd712c7bb19a58b9e2089d4057d0798"
            ],
            "version": "==2021.1"
        },
        "requests": {
            "hashes": [
                "sha256:b3559a131db72c33ee969480840fff4bb6dd111de7dd27c8ee1f820f4f00231b",
                "sha256:fe75cc94a9443b9246fc7049224f75604b113c36acb93f87b80ed42c44cbb898"
            ],
            "index": "pypi",
            "version": "==2.24.0"
        },
        "rsa": {
            "hashes": [
                "sha256:69805d6b69f56eb05b62daea3a7dbd7aa44324ad1306445e05da8060232d00f4",
                "sha256:a8774e55b59fd9fc893b0d05e9bfc6f47081f46ff5b46f39ccf24631b7be356b"
            ],
            "index": "pypi",
            "version": "==4.7"
        },
        "six": {
            "hashes": [
                "sha256:30639c035cdb23534cd4aa2dd52c3bf48f06e5f4a941509c8bafd8ce11080259",
                "sha256:8b74bedcbbbaca38ff6d7491d76f2b06b3592611af620f8426e82dddb04a5ced"
            ],
            "version": "==1.15.0"
        },
        "typing-extensions": {
            "hashes": [
                "sha256:7cb407020f00f7bfc3cb3e7881628838e69d8f3fcab2f64742a5e76b2f841918",
                "sha256:99d4073b617d30288f569d3f13d2bd7548c3a7e4c8de87db09a9d29bb3a4a60c",
                "sha256:dafc7639cde7f1b6e1acc0f457842a83e722ccca8eef5270af2d74792619a89f"
            ],
            "version": "==3.7.4.3"
        },
        "urllib3": {
            "hashes": [
                "sha256:8d7eaa5a82a1cac232164990f04874c594c9453ec55eef02eab885aa02fc17a2",
                "sha256:f5321fbe4bf3fefa0efd0bfe7fb14e90909eb62a48ccda331726b4319897dd5e"
            ],
            "version": "==1.25.11"
        }
    },
    "develop": {}
}
